
Microsoft Visual Studio Solution File, Format Version 12.00
# Visual Studio Version 16
VisualStudioVersion = 16.0.30011.22
MinimumVisualStudioVersion = 10.0.40219.1
Project("{FAE04EC0-301F-11D3-BF4B-00C04F79EFBC}") = "UnlockPDF", "UnlockPDF\UnlockPDF.csproj", "{1594F5ED-2026-4846-AF17-C268094956FE}"
EndProject
Global
	GlobalSection(SolutionConfigurationPlatforms) = preSolution
		Debug|Any CPU = Debug|Any CPU
		Release|Any CPU = Release|Any CPU
	EndGlobalSection
	GlobalSection(ProjectConfigurationPlatforms) = postSolution
		{1594F5ED-2026-4846-AF17-C268094956FE}.Debug|Any CPU.ActiveCfg = Debug|Any CPU
		{1594F5ED-2026-4846-AF17-C268094956FE}.Debug|Any CPU.Build.0 = Debug|Any CPU
		{1594F5ED-2026-4846-AF17-C268094956FE}.Release|Any CPU.ActiveCfg = Release|Any CPU
		{1594F5ED-2026-4846-AF17-C268094956FE}.Release|Any CPU.Build.0 = Release|Any CPU
	EndGlobalSection
	GlobalSection(SolutionProperties) = preSolution
		HideSolutionNode = FALSE
	EndGlobalSection
	GlobalSection(ExtensibilityGlobals) = postSolution
		SolutionGuid = {3B002055-7A35-44A2-8F63-EE5968AFC36F}
	EndGlobalSection
EndGlobal
